
Microsoft Visual Studio Solution File, Format Version 12.00
# Visual Studio 2013
VisualStudioVersion = 12.0.31101.0
MinimumVisualStudioVersion = 10.0.40219.1
Project("{FAE04EC0-301F-11D3-BF4B-00C04F79EFBC}") = "JMScheduling", "JMScheduling\JMScheduling.csproj", "{DDF71234-65D8-4784-8AF9-93D6743DB6A0}"
EndProject
Project("{FAE04EC0-301F-11D3-BF4B-00C04F79EFBC}") = "JobManager", "JobManager\JobManager.csproj", "{432A21C1-9A30-4E36-B1F2-38337358965B}"
EndProject
Global
	GlobalSection(SolutionConfigurationPlatforms) = preSolution
		Debug|Any CPU = Debug|Any CPU
		Release|Any CPU = Release|Any CPU
	EndGlobalSection
	GlobalSection(ProjectConfigurationPlatforms) = postSolution
		{DDF71234-65D8-4784-8AF9-93D6743DB6A0}.Debug|Any CPU.ActiveCfg = Debug|Any CPU
		{DDF71234-65D8-4784-8AF9-93D6743DB6A0}.Debug|Any CPU.Build.0 = Debug|Any CPU
		{DDF71234-65D8-4784-8AF9-93D6743DB6A0}.Release|Any CPU.ActiveCfg = Release|Any CPU
		{DDF71234-65D8-4784-8AF9-93D6743DB6A0}.Release|Any CPU.Build.0 = Release|Any CPU
		{432A21C1-9A30-4E36-B1F2-38337358965B}.Debug|Any CPU.ActiveCfg = Debug|Any CPU
		{432A21C1-9A30-4E36-B1F2-38337358965B}.Debug|Any CPU.Build.0 = Debug|Any CPU
		{432A21C1-9A30-4E36-B1F2-38337358965B}.Release|Any CPU.ActiveCfg = Release|Any CPU
		{432A21C1-9A30-4E36-B1F2-38337358965B}.Release|Any CPU.Build.0 = Release|Any CPU
	EndGlobalSection
	GlobalSection(SolutionProperties) = preSolution
		HideSolutionNode = FALSE
	EndGlobalSection
EndGlobal
