
Microsoft Visual Studio Solution File, Format Version 12.00
# Visual Studio 15
VisualStudioVersion = 15.0.26430.12
MinimumVisualStudioVersion = 10.0.40219.1
Project("{9A19103F-16F7-4668-BE54-9A1E7A4F7556}") = "JobSubmitter", "JobSubmitter\JobSubmitter.csproj", "{96FA96C5-2982-4A67-9939-58D03D5E7414}"
EndProject
Project("{9A19103F-16F7-4668-BE54-9A1E7A4F7556}") = "SimpleTask", "..\Shared\SimpleTask\SimpleTask.csproj", "{0950B124-DEED-4F4C-B067-70E0AE06B41C}"
EndProject
Project("{9A19103F-16F7-4668-BE54-9A1E7A4F7556}") = "Microsoft.Azure.Batch.Samples.Common", "..\..\Common\Microsoft.Azure.Batch.Samples.Common.csproj", "{612B170A-1697-4C40-BD57-26A6C8AC6534}"
EndProject
Global
	GlobalSection(SolutionConfigurationPlatforms) = preSolution
		Debug|Any CPU = Debug|Any CPU
		Release|Any CPU = Release|Any CPU
	EndGlobalSection
	GlobalSection(ProjectConfigurationPlatforms) = postSolution
		{96FA96C5-2982-4A67-9939-58D03D5E7414}.Debug|Any CPU.ActiveCfg = Debug|Any CPU
		{96FA96C5-2982-4A67-9939-58D03D5E7414}.Debug|Any CPU.Build.0 = Debug|Any CPU
		{96FA96C5-2982-4A67-9939-58D03D5E7414}.Release|Any CPU.ActiveCfg = Release|Any CPU
		{96FA96C5-2982-4A67-9939-58D03D5E7414}.Release|Any CPU.Build.0 = Release|Any CPU
		{0950B124-DEED-4F4C-B067-70E0AE06B41C}.Debug|Any CPU.ActiveCfg = Debug|Any CPU
		{0950B124-DEED-4F4C-B067-70E0AE06B41C}.Debug|Any CPU.Build.0 = Debug|Any CPU
		{0950B124-DEED-4F4C-B067-70E0AE06B41C}.Release|Any CPU.ActiveCfg = Release|Any CPU
		{0950B124-DEED-4F4C-B067-70E0AE06B41C}.Release|Any CPU.Build.0 = Release|Any CPU
		{612B170A-1697-4C40-BD57-26A6C8AC6534}.Debug|Any CPU.ActiveCfg = Debug|Any CPU
		{612B170A-1697-4C40-BD57-26A6C8AC6534}.Debug|Any CPU.Build.0 = Debug|Any CPU
		{612B170A-1697-4C40-BD57-26A6C8AC6534}.Release|Any CPU.ActiveCfg = Release|Any CPU
		{612B170A-1697-4C40-BD57-26A6C8AC6534}.Release|Any CPU.Build.0 = Release|Any CPU
	EndGlobalSection
	GlobalSection(SolutionProperties) = preSolution
		HideSolutionNode = FALSE
	EndGlobalSection
EndGlobal
